
Microsoft Visual Studio Solution File, Format Version 12.00
# Visual Studio Version 17
VisualStudioVersion = 17.3.32901.215
MinimumVisualStudioVersion = 10.0.40219.1
Project("{FAE04EC0-301F-11D3-BF4B-00C04F79EFBC}") = "CSCI3110LecLab06Ajax", "CSCI3110LecLab06Ajax\CSCI3110LecLab06Ajax.csproj", "{61F83BCF-9FB2-4302-8573-543D0BCEC237}"
EndProject
Global
	GlobalSection(SolutionConfigurationPlatforms) = preSolution
		Debug|Any CPU = Debug|Any CPU
		Release|Any CPU = Release|Any CPU
	EndGlobalSection
	GlobalSection(ProjectConfigurationPlatforms) = postSolution
		{61F83BCF-9FB2-4302-8573-543D0BCEC237}.Debug|Any CPU.ActiveCfg = Debug|Any CPU
		{61F83BCF-9FB2-4302-8573-543D0BCEC237}.Debug|Any CPU.Build.0 = Debug|Any CPU
		{61F83BCF-9FB2-4302-8573-543D0BCEC237}.Release|Any CPU.ActiveCfg = Release|Any CPU
		{61F83BCF-9FB2-4302-8573-543D0BCEC237}.Release|Any CPU.Build.0 = Release|Any CPU
	EndGlobalSection
	GlobalSection(SolutionProperties) = preSolution
		HideSolutionNode = FALSE
	EndGlobalSection
	GlobalSection(ExtensibilityGlobals) = postSolution
		SolutionGuid = {87B06CF2-34E3-4CAD-8E7B-BC39510AAA38}
	EndGlobalSection
EndGlobal
